
Microsoft Visual Studio Solution File, Format Version 12.00
# Visual Studio Version 17
VisualStudioVersion = 17.8.34511.84
MinimumVisualStudioVersion = 10.0.40219.1
Project("{2150E333-8FDC-42A3-9474-1A3956D46DE8}") = "Shared", "Shared", "{C28CEEDB-4263-4455-AB8C-DC9BE065E927}"
EndProject
Project("{9A19103F-16F7-4668-BE54-9A1E7A4F7556}") = "CodeSolveNetwork.Common", "Shared\CodeSolveNetwork.Common\CodeSolveNetwork.Common.csproj", "{E9666ACA-269C-41A0-A3CA-4303B1FBDA99}"
EndProject
Project("{2150E333-8FDC-42A3-9474-1A3956D46DE8}") = "Services", "Services", "{00CE06E4-53B8-4066-A654-AEF7711CA173}"
EndProject
Project("{9A19103F-16F7-4668-BE54-9A1E7A4F7556}") = "CodeSolveNetwork.Services.Logger", "Services\CodeSolveNetwork.Services.Logger\CodeSolveNetwork.Services.Logger.csproj", "{1E991413-838A-437D-A84B-CBB0BCE2C663}"
EndProject
Project("{9A19103F-16F7-4668-BE54-9A1E7A4F7556}") = "CodeSolveNetwork.Services.Settings", "Services\CodeSolveNetwork.Services.Settings\CodeSolveNetwork.Services.Settings.csproj", "{463F3509-0A27-4FA0-BD62-6BB547A97FBD}"
EndProject
Project("{2150E333-8FDC-42A3-9474-1A3956D46DE8}") = "Systems", "Systems", "{6B91868A-ED13-48E7-900E-18B477348963}"
EndProject
Project("{2150E333-8FDC-42A3-9474-1A3956D46DE8}") = "Worker", "Worker", "{D3A0C566-02EC-4B95-9029-6B83CD49C618}"
EndProject
Project("{2150E333-8FDC-42A3-9474-1A3956D46DE8}") = "Api", "Api", "{B9602B9B-636E-4579-9C31-2A2FF418C258}"
EndProject
Project("{9A19103F-16F7-4668-BE54-9A1E7A4F7556}") = "CodeSolveNetwork.Api", "Systems\Api\CodeSolveNetwork.Api\CodeSolveNetwork.Api.csproj", "{3062DF05-A640-455B-B283-5D8E4B5D4870}"
EndProject
Project("{9A19103F-16F7-4668-BE54-9A1E7A4F7556}") = "CodeSolveNetwork.Worker", "Systems\Worker\CodeSolveNetwork.Worker\CodeSolveNetwork.Worker.csproj", "{09B977AA-316F-47DF-8D7E-A8C0F1A5BEB2}"
EndProject
Project("{2150E333-8FDC-42A3-9474-1A3956D46DE8}") = "Data", "Data", "{43F9F2D5-FA61-4569-B978-896F2413FCE2}"
EndProject
Project("{9A19103F-16F7-4668-BE54-9A1E7A4F7556}") = "CodeSolveNetwork.Context.Entities", "Data\CodeSolveNetwork.Context.Entities\CodeSolveNetwork.Context.Entities.csproj", "{A3A32056-C760-4DAC-BA49-F680E5BB6C05}"
EndProject
Project("{9A19103F-16F7-4668-BE54-9A1E7A4F7556}") = "CodeSolveNetwork.Context", "Data\CodeSolveNetwork.Context\CodeSolveNetwork.Context.csproj", "{31D79F56-0504-4C7B-8185-FA631EDFDEC7}"
EndProject
Project("{2150E333-8FDC-42A3-9474-1A3956D46DE8}") = "Migrations", "Migrations", "{B418F182-A2A7-4F2E-AF42-275E14FB76CF}"
EndProject
Project("{9A19103F-16F7-4668-BE54-9A1E7A4F7556}") = "CodeSolveNetwork.Context.Migrations.PgSql", "Data\CodeSolveNetwork.Context.Migrations\CodeSolveNetwork.Context.Migrations.PgSql\CodeSolveNetwork.Context.Migrations.PgSql.csproj", "{4F29C715-AC81-4599-A723-332FB9089A94}"
EndProject
Project("{9A19103F-16F7-4668-BE54-9A1E7A4F7556}") = "CodeSolveNetwork.Context.Seeder", "Data\CodeSolveNetwork.Context.Seeder\CodeSolveNetwork.Context.Seeder.csproj", "{CFE4649D-1CB4-4061-AB13-D36020373B5E}"
EndProject
Project("{9A19103F-16F7-4668-BE54-9A1E7A4F7556}") = "CodeSolveNetwork.Api.Settings", "Systems\Api\CodeSolveNetwork.Api.Settings\CodeSolveNetwork.Api.Settings.csproj", "{5FF75768-6755-4CCB-A29D-2D5C57E68CE5}"
EndProject
Project("{9A19103F-16F7-4668-BE54-9A1E7A4F7556}") = "CodeSolveNetwork.Services.ProgrammingLanguages", "Services\CodeSolveNetwork.Services.ProgrammingLanguages\CodeSolveNetwork.Services.ProgrammingLanguages.csproj", "{4EA28268-A72A-4ABE-9CE3-FF3550DEF6FC}"
EndProject
Project("{2150E333-8FDC-42A3-9474-1A3956D46DE8}") = "_docker", "_docker", "{EAEE90B1-F427-4E2D-82F6-7B6A1B087D78}"
	ProjectSection(SolutionItems) = preProject
		docker-compose.override.yml = docker-compose.override.yml
		docker-compose.yml = docker-compose.yml
		env.api = env.api
		env.identity = env.identity
		env.worker = env.worker
	EndProjectSection
EndProject
Project("{9A19103F-16F7-4668-BE54-9A1E7A4F7556}") = "CodeSolveNetwork.Services.Actions", "Services\CodeSolveNetwork.Services.Actions\CodeSolveNetwork.Services.Actions.csproj", "{21C3CAAE-7BEE-44B1-A29E-70147480CA6D}"
EndProject
Project("{9A19103F-16F7-4668-BE54-9A1E7A4F7556}") = "CodeSolveNetwork.Services.RabbitMq", "Services\CodeSolveNetwork.Services.RabbitMq\CodeSolveNetwork.Services.RabbitMq.csproj", "{148C09C5-DB0E-4570-ABCF-F8003DD29C95}"
EndProject
Project("{2150E333-8FDC-42A3-9474-1A3956D46DE8}") = "Identity", "Identity", "{31E3915A-728B-4E54-B462-7FF1E8E85AE5}"
EndProject
Project("{9A19103F-16F7-4668-BE54-9A1E7A4F7556}") = "CodeSolveNetwork.Identity", "Systems\Identity\CodeSolveNetwork.Identity\CodeSolveNetwork.Identity.csproj", "{AAB1D48A-1F5E-40E2-B750-374BB9B793B4}"
EndProject
Project("{9A19103F-16F7-4668-BE54-9A1E7A4F7556}") = "CodeSolveNetwork.Services.UserAccount", "Services\CodeSolveNetwork.Services.UserAccount\CodeSolveNetwork.Services.UserAccount.csproj", "{A9F95B50-431D-47FA-B8EB-924002E6B31E}"
EndProject
Project("{2150E333-8FDC-42A3-9474-1A3956D46DE8}") = "Web", "Web", "{951B5706-5EF2-4140-A11C-627D3434A0A3}"
EndProject
Project("{9A19103F-16F7-4668-BE54-9A1E7A4F7556}") = "CodeSolveNetwork.Web", "Systems\Web\CodeSolveNetwork.Web\CodeSolveNetwork.Web.csproj", "{E2C9795F-DBC6-47C3-AE40-534C88C57760}"
EndProject
Project("{FAE04EC0-301F-11D3-BF4B-00C04F79EFBC}") = "CodeSolveNetwork.Services.Solutions", "Services\CodeSolveNetwork.Services.Solutions\CodeSolveNetwork.Services.Solutions.csproj", "{FBA7F4F9-BAD3-42C9-8498-6F55BB858ADF}"
EndProject
Project("{FAE04EC0-301F-11D3-BF4B-00C04F79EFBC}") = "CodeSolveNetwork.Services.Tasks", "Services\CodeSolveNetwork.Services.Tasks\CodeSolveNetwork.Services.Tasks.csproj", "{49951DD3-BAA6-4784-B3FA-F4AC8D002B15}"
EndProject
Project("{FAE04EC0-301F-11D3-BF4B-00C04F79EFBC}") = "CodeSolveNetwork.Services.TaskCategories", "Services\CodeSolveNetwork.Services.TaskCategories\CodeSolveNetwork.Services.TaskCategories.csproj", "{EDDECFAA-10F2-4E71-A2CB-8E8767B319E4}"
EndProject
Global
	GlobalSection(SolutionConfigurationPlatforms) = preSolution
		Debug|Any CPU = Debug|Any CPU
		Release|Any CPU = Release|Any CPU
	EndGlobalSection
	GlobalSection(ProjectConfigurationPlatforms) = postSolution
		{E9666ACA-269C-41A0-A3CA-4303B1FBDA99}.Debug|Any CPU.ActiveCfg = Debug|Any CPU
		{E9666ACA-269C-41A0-A3CA-4303B1FBDA99}.Debug|Any CPU.Build.0 = Debug|Any CPU
		{E9666ACA-269C-41A0-A3CA-4303B1FBDA99}.Release|Any CPU.ActiveCfg = Release|Any CPU
		{E9666ACA-269C-41A0-A3CA-4303B1FBDA99}.Release|Any CPU.Build.0 = Release|Any CPU
		{1E991413-838A-437D-A84B-CBB0BCE2C663}.Debug|Any CPU.ActiveCfg = Debug|Any CPU
		{1E991413-838A-437D-A84B-CBB0BCE2C663}.Debug|Any CPU.Build.0 = Debug|Any CPU
		{1E991413-838A-437D-A84B-CBB0BCE2C663}.Release|Any CPU.ActiveCfg = Release|Any CPU
		{1E991413-838A-437D-A84B-CBB0BCE2C663}.Release|Any CPU.Build.0 = Release|Any CPU
		{463F3509-0A27-4FA0-BD62-6BB547A97FBD}.Debug|Any CPU.ActiveCfg = Debug|Any CPU
		{463F3509-0A27-4FA0-BD62-6BB547A97FBD}.Debug|Any CPU.Build.0 = Debug|Any CPU
		{463F3509-0A27-4FA0-BD62-6BB547A97FBD}.Release|Any CPU.ActiveCfg = Release|Any CPU
		{463F3509-0A27-4FA0-BD62-6BB547A97FBD}.Release|Any CPU.Build.0 = Release|Any CPU
		{3062DF05-A640-455B-B283-5D8E4B5D4870}.Debug|Any CPU.ActiveCfg = Debug|Any CPU
		{3062DF05-A640-455B-B283-5D8E4B5D4870}.Debug|Any CPU.Build.0 = Debug|Any CPU
		{3062DF05-A640-455B-B283-5D8E4B5D4870}.Release|Any CPU.ActiveCfg = Release|Any CPU
		{3062DF05-A640-455B-B283-5D8E4B5D4870}.Release|Any CPU.Build.0 = Release|Any CPU
		{09B977AA-316F-47DF-8D7E-A8C0F1A5BEB2}.Debug|Any CPU.ActiveCfg = Debug|Any CPU
		{09B977AA-316F-47DF-8D7E-A8C0F1A5BEB2}.Debug|Any CPU.Build.0 = Debug|Any CPU
		{09B977AA-316F-47DF-8D7E-A8C0F1A5BEB2}.Release|Any CPU.ActiveCfg = Release|Any CPU
		{09B977AA-316F-47DF-8D7E-A8C0F1A5BEB2}.Release|Any CPU.Build.0 = Release|Any CPU
		{A3A32056-C760-4DAC-BA49-F680E5BB6C05}.Debug|Any CPU.ActiveCfg = Debug|Any CPU
		{A3A32056-C760-4DAC-BA49-F680E5BB6C05}.Debug|Any CPU.Build.0 = Debug|Any CPU
		{A3A32056-C760-4DAC-BA49-F680E5BB6C05}.Release|Any CPU.ActiveCfg = Release|Any CPU
		{A3A32056-C760-4DAC-BA49-F680E5BB6C05}.Release|Any CPU.Build.0 = Release|Any CPU
		{31D79F56-0504-4C7B-8185-FA631EDFDEC7}.Debug|Any CPU.ActiveCfg = Debug|Any CPU
		{31D79F56-0504-4C7B-8185-FA631EDFDEC7}.Debug|Any CPU.Build.0 = Debug|Any CPU
		{31D79F56-0504-4C7B-8185-FA631EDFDEC7}.Release|Any CPU.ActiveCfg = Release|Any CPU
		{31D79F56-0504-4C7B-8185-FA631EDFDEC7}.Release|Any CPU.Build.0 = Release|Any CPU
		{4F29C715-AC81-4599-A723-332FB9089A94}.Debug|Any CPU.ActiveCfg = Debug|Any CPU
		{4F29C715-AC81-4599-A723-332FB9089A94}.Debug|Any CPU.Build.0 = Debug|Any CPU
		{4F29C715-AC81-4599-A723-332FB9089A94}.Release|Any CPU.ActiveCfg = Release|Any CPU
		{4F29C715-AC81-4599-A723-332FB9089A94}.Release|Any CPU.Build.0 = Release|Any CPU
		{CFE4649D-1CB4-4061-AB13-D36020373B5E}.Debug|Any CPU.ActiveCfg = Debug|Any CPU
		{CFE4649D-1CB4-4061-AB13-D36020373B5E}.Debug|Any CPU.Build.0 = Debug|Any CPU
		{CFE4649D-1CB4-4061-AB13-D36020373B5E}.Release|Any CPU.ActiveCfg = Release|Any CPU
		{CFE4649D-1CB4-4061-AB13-D36020373B5E}.Release|Any CPU.Build.0 = Release|Any CPU
		{5FF75768-6755-4CCB-A29D-2D5C57E68CE5}.Debug|Any CPU.ActiveCfg = Debug|Any CPU
		{5FF75768-6755-4CCB-A29D-2D5C57E68CE5}.Debug|Any CPU.Build.0 = Debug|Any CPU
		{5FF75768-6755-4CCB-A29D-2D5C57E68CE5}.Release|Any CPU.ActiveCfg = Release|Any CPU
		{5FF75768-6755-4CCB-A29D-2D5C57E68CE5}.Release|Any CPU.Build.0 = Release|Any CPU
		{4EA28268-A72A-4ABE-9CE3-FF3550DEF6FC}.Debug|Any CPU.ActiveCfg = Debug|Any CPU
		{4EA28268-A72A-4ABE-9CE3-FF3550DEF6FC}.Debug|Any CPU.Build.0 = Debug|Any CPU
		{4EA28268-A72A-4ABE-9CE3-FF3550DEF6FC}.Release|Any CPU.ActiveCfg = Release|Any CPU
		{4EA28268-A72A-4ABE-9CE3-FF3550DEF6FC}.Release|Any CPU.Build.0 = Release|Any CPU
		{21C3CAAE-7BEE-44B1-A29E-70147480CA6D}.Debug|Any CPU.ActiveCfg = Debug|Any CPU
		{21C3CAAE-7BEE-44B1-A29E-70147480CA6D}.Debug|Any CPU.Build.0 = Debug|Any CPU
		{21C3CAAE-7BEE-44B1-A29E-70147480CA6D}.Release|Any CPU.ActiveCfg = Release|Any CPU
		{21C3CAAE-7BEE-44B1-A29E-70147480CA6D}.Release|Any CPU.Build.0 = Release|Any CPU
		{148C09C5-DB0E-4570-ABCF-F8003DD29C95}.Debug|Any CPU.ActiveCfg = Debug|Any CPU
		{148C09C5-DB0E-4570-ABCF-F8003DD29C95}.Debug|Any CPU.Build.0 = Debug|Any CPU
		{148C09C5-DB0E-4570-ABCF-F8003DD29C95}.Release|Any CPU.ActiveCfg = Release|Any CPU
		{148C09C5-DB0E-4570-ABCF-F8003DD29C95}.Release|Any CPU.Build.0 = Release|Any CPU
		{AAB1D48A-1F5E-40E2-B750-374BB9B793B4}.Debug|Any CPU.ActiveCfg = Debug|Any CPU
		{AAB1D48A-1F5E-40E2-B750-374BB9B793B4}.Debug|Any CPU.Build.0 = Debug|Any CPU
		{AAB1D48A-1F5E-40E2-B750-374BB9B793B4}.Release|Any CPU.ActiveCfg = Release|Any CPU
		{AAB1D48A-1F5E-40E2-B750-374BB9B793B4}.Release|Any CPU.Build.0 = Release|Any CPU
		{A9F95B50-431D-47FA-B8EB-924002E6B31E}.Debug|Any CPU.ActiveCfg = Debug|Any CPU
		{A9F95B50-431D-47FA-B8EB-924002E6B31E}.Debug|Any CPU.Build.0 = Debug|Any CPU
		{A9F95B50-431D-47FA-B8EB-924002E6B31E}.Release|Any CPU.ActiveCfg = Release|Any CPU
		{A9F95B50-431D-47FA-B8EB-924002E6B31E}.Release|Any CPU.Build.0 = Release|Any CPU
		{E2C9795F-DBC6-47C3-AE40-534C88C57760}.Debug|Any CPU.ActiveCfg = Debug|Any CPU
		{E2C9795F-DBC6-47C3-AE40-534C88C57760}.Debug|Any CPU.Build.0 = Debug|Any CPU
		{E2C9795F-DBC6-47C3-AE40-534C88C57760}.Release|Any CPU.ActiveCfg = Release|Any CPU
		{E2C9795F-DBC6-47C3-AE40-534C88C57760}.Release|Any CPU.Build.0 = Release|Any CPU
		{FBA7F4F9-BAD3-42C9-8498-6F55BB858ADF}.Debug|Any CPU.ActiveCfg = Debug|Any CPU
		{FBA7F4F9-BAD3-42C9-8498-6F55BB858ADF}.Debug|Any CPU.Build.0 = Debug|Any CPU
		{FBA7F4F9-BAD3-42C9-8498-6F55BB858ADF}.Release|Any CPU.ActiveCfg = Release|Any CPU
		{FBA7F4F9-BAD3-42C9-8498-6F55BB858ADF}.Release|Any CPU.Build.0 = Release|Any CPU
		{49951DD3-BAA6-4784-B3FA-F4AC8D002B15}.Debug|Any CPU.ActiveCfg = Debug|Any CPU
		{49951DD3-BAA6-4784-B3FA-F4AC8D002B15}.Debug|Any CPU.Build.0 = Debug|Any CPU
		{49951DD3-BAA6-4784-B3FA-F4AC8D002B15}.Release|Any CPU.ActiveCfg = Release|Any CPU
		{49951DD3-BAA6-4784-B3FA-F4AC8D002B15}.Release|Any CPU.Build.0 = Release|Any CPU
		{EDDECFAA-10F2-4E71-A2CB-8E8767B319E4}.Debug|Any CPU.ActiveCfg = Debug|Any CPU
		{EDDECFAA-10F2-4E71-A2CB-8E8767B319E4}.Debug|Any CPU.Build.0 = Debug|Any CPU
		{EDDECFAA-10F2-4E71-A2CB-8E8767B319E4}.Release|Any CPU.ActiveCfg = Release|Any CPU
		{EDDECFAA-10F2-4E71-A2CB-8E8767B319E4}.Release|Any CPU.Build.0 = Release|Any CPU
	EndGlobalSection
	GlobalSection(SolutionProperties) = preSolution
		HideSolutionNode = FALSE
	EndGlobalSection
	GlobalSection(NestedProjects) = preSolution
		{E9666ACA-269C-41A0-A3CA-4303B1FBDA99} = {C28CEEDB-4263-4455-AB8C-DC9BE065E927}
		{1E991413-838A-437D-A84B-CBB0BCE2C663} = {00CE06E4-53B8-4066-A654-AEF7711CA173}
		{463F3509-0A27-4FA0-BD62-6BB547A97FBD} = {00CE06E4-53B8-4066-A654-AEF7711CA173}
		{D3A0C566-02EC-4B95-9029-6B83CD49C618} = {6B91868A-ED13-48E7-900E-18B477348963}
		{B9602B9B-636E-4579-9C31-2A2FF418C258} = {6B91868A-ED13-48E7-900E-18B477348963}
		{3062DF05-A640-455B-B283-5D8E4B5D4870} = {B9602B9B-636E-4579-9C31-2A2FF418C258}
		{09B977AA-316F-47DF-8D7E-A8C0F1A5BEB2} = {D3A0C566-02EC-4B95-9029-6B83CD49C618}
		{A3A32056-C760-4DAC-BA49-F680E5BB6C05} = {43F9F2D5-FA61-4569-B978-896F2413FCE2}
		{31D79F56-0504-4C7B-8185-FA631EDFDEC7} = {43F9F2D5-FA61-4569-B978-896F2413FCE2}
		{B418F182-A2A7-4F2E-AF42-275E14FB76CF} = {43F9F2D5-FA61-4569-B978-896F2413FCE2}
		{4F29C715-AC81-4599-A723-332FB9089A94} = {B418F182-A2A7-4F2E-AF42-275E14FB76CF}
		{CFE4649D-1CB4-4061-AB13-D36020373B5E} = {43F9F2D5-FA61-4569-B978-896F2413FCE2}
		{5FF75768-6755-4CCB-A29D-2D5C57E68CE5} = {B9602B9B-636E-4579-9C31-2A2FF418C258}
		{4EA28268-A72A-4ABE-9CE3-FF3550DEF6FC} = {00CE06E4-53B8-4066-A654-AEF7711CA173}
		{21C3CAAE-7BEE-44B1-A29E-70147480CA6D} = {00CE06E4-53B8-4066-A654-AEF7711CA173}
		{148C09C5-DB0E-4570-ABCF-F8003DD29C95} = {00CE06E4-53B8-4066-A654-AEF7711CA173}
		{31E3915A-728B-4E54-B462-7FF1E8E85AE5} = {6B91868A-ED13-48E7-900E-18B477348963}
		{AAB1D48A-1F5E-40E2-B750-374BB9B793B4} = {31E3915A-728B-4E54-B462-7FF1E8E85AE5}
		{A9F95B50-431D-47FA-B8EB-924002E6B31E} = {00CE06E4-53B8-4066-A654-AEF7711CA173}
		{951B5706-5EF2-4140-A11C-627D3434A0A3} = {6B91868A-ED13-48E7-900E-18B477348963}
		{E2C9795F-DBC6-47C3-AE40-534C88C57760} = {951B5706-5EF2-4140-A11C-627D3434A0A3}
		{FBA7F4F9-BAD3-42C9-8498-6F55BB858ADF} = {00CE06E4-53B8-4066-A654-AEF7711CA173}
		{49951DD3-BAA6-4784-B3FA-F4AC8D002B15} = {00CE06E4-53B8-4066-A654-AEF7711CA173}
		{EDDECFAA-10F2-4E71-A2CB-8E8767B319E4} = {00CE06E4-53B8-4066-A654-AEF7711CA173}
	EndGlobalSection
	GlobalSection(ExtensibilityGlobals) = postSolution
		SolutionGuid = {3E371A67-DEF0-4462-9279-2FA36FC8C195}
	EndGlobalSection
EndGlobal
